// !$*UTF8*$!
{
	archiveVersion = 1;
	classes = {
	};
	objectVersion = 46;
	objects = {

/* Begin PBXBuildFile section */
		0FDFB0955626DA4BB8D4288D /* Pods_TransPlace.framework in Frameworks */ = {isa = PBXBuildFile; fileRef = B0EBE34CB7ED429EC0F705E4 /* Pods_TransPlace.framework */; };
		528460F61E99E7A000641C20 /* GoogleService-Info.plist in Resources */ = {isa = PBXBuildFile; fileRef = 528460F51E99E7A000641C20 /* GoogleService-Info.plist */; };
		528460F81E99EF8900641C20 /* FirebaseCalls.swift in Sources */ = {isa = PBXBuildFile; fileRef = 528460F71E99EF8900641C20 /* FirebaseCalls.swift */; };
		528460FA1E99F4C800641C20 /* Place.swift in Sources */ = {isa = PBXBuildFile; fileRef = 528460F91E99F4C800641C20 /* Place.swift */; };
		528460FD1E9A0A4400641C20 /* Address.swift in Sources */ = {isa = PBXBuildFile; fileRef = 528460FC1E9A0A4400641C20 /* Address.swift */; };
		52B800171E996A2500C5946E /* LocalViewController.swift in Sources */ = {isa = PBXBuildFile; fileRef = 52B800161E996A2500C5946E /* LocalViewController.swift */; };
		52B800191E996AF400C5946E /* RatingControl.swift in Sources */ = {isa = PBXBuildFile; fileRef = 52B800181E996AF400C5946E /* RatingControl.swift */; };
		52B8001D1E9987CA00C5946E /* Comment.swift in Sources */ = {isa = PBXBuildFile; fileRef = 52B8001C1E9987CA00C5946E /* Comment.swift */; };
		52B800211E999A0500C5946E /* CommentViewCell.swift in Sources */ = {isa = PBXBuildFile; fileRef = 52B800201E999A0500C5946E /* CommentViewCell.swift */; };
		F72A07DE1E9951DA0041AAE8 /* AppDelegate.swift in Sources */ = {isa = PBXBuildFile; fileRef = F72A07DD1E9951DA0041AAE8 /* AppDelegate.swift */; };
		F72A07E01E9951DA0041AAE8 /* ViewController.swift in Sources */ = {isa = PBXBuildFile; fileRef = F72A07DF1E9951DA0041AAE8 /* ViewController.swift */; };
		F72A07E31E9951DA0041AAE8 /* Main.storyboard in Resources */ = {isa = PBXBuildFile; fileRef = F72A07E11E9951DA0041AAE8 /* Main.storyboard */; };
		F72A07E51E9951DA0041AAE8 /* Assets.xcassets in Resources */ = {isa = PBXBuildFile; fileRef = F72A07E41E9951DA0041AAE8 /* Assets.xcassets */; };
		F72A07E81E9951DA0041AAE8 /* LaunchScreen.storyboard in Resources */ = {isa = PBXBuildFile; fileRef = F72A07E61E9951DA0041AAE8 /* LaunchScreen.storyboard */; };
		F72A07F01E9952090041AAE8 /* localStoryboard.storyboard in Resources */ = {isa = PBXBuildFile; fileRef = F72A07EF1E9952090041AAE8 /* localStoryboard.storyboard */; };
		F72A07F21E9954870041AAE8 /* HomeViewController.swift in Sources */ = {isa = PBXBuildFile; fileRef = F72A07F11E9954870041AAE8 /* HomeViewController.swift */; };
		F72A07F41E9955E60041AAE8 /* CategoryViewController.swift in Sources */ = {isa = PBXBuildFile; fileRef = F72A07F31E9955E60041AAE8 /* CategoryViewController.swift */; };
		F72A07F61E99560B0041AAE8 /* CommentRegisterViewController.swift in Sources */ = {isa = PBXBuildFile; fileRef = F72A07F51E99560B0041AAE8 /* CommentRegisterViewController.swift */; };
		F73FD74F1E9A05A2002ECF42 /* OverviewContainerViewController.swift in Sources */ = {isa = PBXBuildFile; fileRef = F73FD74E1E9A05A2002ECF42 /* OverviewContainerViewController.swift */; };
		F73FD7511E9A0A64002ECF42 /* PositiveViewController.swift in Sources */ = {isa = PBXBuildFile; fileRef = F73FD7501E9A0A64002ECF42 /* PositiveViewController.swift */; };
		F73FD7531E9A0A6F002ECF42 /* NegativeViewController.swift in Sources */ = {isa = PBXBuildFile; fileRef = F73FD7521E9A0A6F002ECF42 /* NegativeViewController.swift */; };
		F73FD7561E9A1C2D002ECF42 /* DescriptionViewController.swift in Sources */ = {isa = PBXBuildFile; fileRef = F73FD7551E9A1C2D002ECF42 /* DescriptionViewController.swift */; };
		F7F81D001E99E87D0060DA38 /* CategoryTableViewCell.swift in Sources */ = {isa = PBXBuildFile; fileRef = F7F81CFF1E99E87D0060DA38 /* CategoryTableViewCell.swift */; };
/* End PBXBuildFile section */

/* Begin PBXFileReference section */
		16C5564F543144AF5339E2BA /* Pods-TransPlace.release.xcconfig */ = {isa = PBXFileReference; includeInIndex = 1; lastKnownFileType = text.xcconfig; name = "Pods-TransPlace.release.xcconfig"; path = "Pods/Target Support Files/Pods-TransPlace/Pods-TransPlace.release.xcconfig"; sourceTree = "<group>"; };
		528460F51E99E7A000641C20 /* GoogleService-Info.plist */ = {isa = PBXFileReference; fileEncoding = 4; lastKnownFileType = text.plist.xml; path = "GoogleService-Info.plist"; sourceTree = "<group>"; };
		528460F71E99EF8900641C20 /* FirebaseCalls.swift */ = {isa = PBXFileReference; fileEncoding = 4; lastKnownFileType = sourcecode.swift; path = FirebaseCalls.swift; sourceTree = "<group>"; };
		528460F91E99F4C800641C20 /* Place.swift */ = {isa = PBXFileReference; fileEncoding = 4; lastKnownFileType = sourcecode.swift; path = Place.swift; sourceTree = "<group>"; };
		528460FC1E9A0A4400641C20 /* Address.swift */ = {isa = PBXFileReference; fileEncoding = 4; lastKnownFileType = sourcecode.swift; path = Address.swift; sourceTree = "<group>"; };
		52B800161E996A2500C5946E /* LocalViewController.swift */ = {isa = PBXFileReference; fileEncoding = 4; lastKnownFileType = sourcecode.swift; path = LocalViewController.swift; sourceTree = "<group>"; };
		52B800181E996AF400C5946E /* RatingControl.swift */ = {isa = PBXFileReference; fileEncoding = 4; lastKnownFileType = sourcecode.swift; path = RatingControl.swift; sourceTree = "<group>"; };
		52B8001C1E9987CA00C5946E /* Comment.swift */ = {isa = PBXFileReference; fileEncoding = 4; lastKnownFileType = sourcecode.swift; path = Comment.swift; sourceTree = "<group>"; };
		52B800201E999A0500C5946E /* CommentViewCell.swift */ = {isa = PBXFileReference; fileEncoding = 4; lastKnownFileType = sourcecode.swift; path = CommentViewCell.swift; sourceTree = "<group>"; };
		AB2568410CFE2C739E6DBF3E /* Pods-TransPlace.debug.xcconfig */ = {isa = PBXFileReference; includeInIndex = 1; lastKnownFileType = text.xcconfig; name = "Pods-TransPlace.debug.xcconfig"; path = "Pods/Target Support Files/Pods-TransPlace/Pods-TransPlace.debug.xcconfig"; sourceTree = "<group>"; };
		B0EBE34CB7ED429EC0F705E4 /* Pods_TransPlace.framework */ = {isa = PBXFileReference; explicitFileType = wrapper.framework; includeInIndex = 0; path = Pods_TransPlace.framework; sourceTree = BUILT_PRODUCTS_DIR; };
		F72A07DA1E9951DA0041AAE8 /* TransPlace.app */ = {isa = PBXFileReference; explicitFileType = wrapper.application; includeInIndex = 0; path = TransPlace.app; sourceTree = BUILT_PRODUCTS_DIR; };
		F72A07DD1E9951DA0041AAE8 /* AppDelegate.swift */ = {isa = PBXFileReference; lastKnownFileType = sourcecode.swift; path = AppDelegate.swift; sourceTree = "<group>"; };
		F72A07DF1E9951DA0041AAE8 /* ViewController.swift */ = {isa = PBXFileReference; lastKnownFileType = sourcecode.swift; path = ViewController.swift; sourceTree = "<group>"; };
		F72A07E21E9951DA0041AAE8 /* Base */ = {isa = PBXFileReference; lastKnownFileType = file.storyboard; name = Base; path = Base.lproj/Main.storyboard; sourceTree = "<group>"; };
		F72A07E41E9951DA0041AAE8 /* Assets.xcassets */ = {isa = PBXFileReference; lastKnownFileType = folder.assetcatalog; path = Assets.xcassets; sourceTree = "<group>"; };
		F72A07E71E9951DA0041AAE8 /* Base */ = {isa = PBXFileReference; lastKnownFileType = file.storyboard; name = Base; path = Base.lproj/LaunchScreen.storyboard; sourceTree = "<group>"; };
		F72A07E91E9951DA0041AAE8 /* Info.plist */ = {isa = PBXFileReference; lastKnownFileType = text.plist.xml; path = Info.plist; sourceTree = "<group>"; };
		F72A07EF1E9952090041AAE8 /* localStoryboard.storyboard */ = {isa = PBXFileReference; fileEncoding = 4; lastKnownFileType = file.storyboard; name = localStoryboard.storyboard; path = ../localStoryboard.storyboard; sourceTree = "<group>"; };
		F72A07F11E9954870041AAE8 /* HomeViewController.swift */ = {isa = PBXFileReference; fileEncoding = 4; lastKnownFileType = sourcecode.swift; path = HomeViewController.swift; sourceTree = "<group>"; };
		F72A07F31E9955E60041AAE8 /* CategoryViewController.swift */ = {isa = PBXFileReference; fileEncoding = 4; lastKnownFileType = sourcecode.swift; path = CategoryViewController.swift; sourceTree = "<group>"; };
		F72A07F51E99560B0041AAE8 /* CommentRegisterViewController.swift */ = {isa = PBXFileReference; fileEncoding = 4; lastKnownFileType = sourcecode.swift; path = CommentRegisterViewController.swift; sourceTree = "<group>"; };
		F73FD74E1E9A05A2002ECF42 /* OverviewContainerViewController.swift */ = {isa = PBXFileReference; fileEncoding = 4; lastKnownFileType = sourcecode.swift; path = OverviewContainerViewController.swift; sourceTree = "<group>"; };
		F73FD7501E9A0A64002ECF42 /* PositiveViewController.swift */ = {isa = PBXFileReference; fileEncoding = 4; lastKnownFileType = sourcecode.swift; path = PositiveViewController.swift; sourceTree = "<group>"; };
		F73FD7521E9A0A6F002ECF42 /* NegativeViewController.swift */ = {isa = PBXFileReference; fileEncoding = 4; lastKnownFileType = sourcecode.swift; path = NegativeViewController.swift; sourceTree = "<group>"; };
		F73FD7551E9A1C2D002ECF42 /* DescriptionViewController.swift */ = {isa = PBXFileReference; fileEncoding = 4; lastKnownFileType = sourcecode.swift; path = DescriptionViewController.swift; sourceTree = "<group>"; };
		F7F81CFF1E99E87D0060DA38 /* CategoryTableViewCell.swift */ = {isa = PBXFileReference; fileEncoding = 4; lastKnownFileType = sourcecode.swift; path = CategoryTableViewCell.swift; sourceTree = "<group>"; };
/* End PBXFileReference section */

/* Begin PBXFrameworksBuildPhase section */
		F72A07D71E9951DA0041AAE8 /* Frameworks */ = {
			isa = PBXFrameworksBuildPhase;
			buildActionMask = 2147483647;
			files = (
				0FDFB0955626DA4BB8D4288D /* Pods_TransPlace.framework in Frameworks */,
			);
			runOnlyForDeploymentPostprocessing = 0;
		};
/* End PBXFrameworksBuildPhase section */

/* Begin PBXGroup section */
		05E029BC679474EFF4209BFE /* Pods */ = {
			isa = PBXGroup;
			children = (
				AB2568410CFE2C739E6DBF3E /* Pods-TransPlace.debug.xcconfig */,
				16C5564F543144AF5339E2BA /* Pods-TransPlace.release.xcconfig */,
			);
			name = Pods;
			sourceTree = "<group>";
		};
		528460FB1E9A0A2E00641C20 /* Models */ = {
			isa = PBXGroup;
			children = (
				528460F91E99F4C800641C20 /* Place.swift */,
				528460FC1E9A0A4400641C20 /* Address.swift */,
			);
			name = Models;
			sourceTree = "<group>";
		};
		F4114A47F71A6132C04A5837 /* Frameworks */ = {
			isa = PBXGroup;
			children = (
				B0EBE34CB7ED429EC0F705E4 /* Pods_TransPlace.framework */,
			);
			name = Frameworks;
			sourceTree = "<group>";
		};
		F72A07D11E9951DA0041AAE8 = {
			isa = PBXGroup;
			children = (
				528460F51E99E7A000641C20 /* GoogleService-Info.plist */,
				F72A07DC1E9951DA0041AAE8 /* TransPlace */,
				F72A07DB1E9951DA0041AAE8 /* Products */,
				05E029BC679474EFF4209BFE /* Pods */,
				F4114A47F71A6132C04A5837 /* Frameworks */,
			);
			sourceTree = "<group>";
		};
		F72A07DB1E9951DA0041AAE8 /* Products */ = {
			isa = PBXGroup;
			children = (
				F72A07DA1E9951DA0041AAE8 /* TransPlace.app */,
			);
			name = Products;
			sourceTree = "<group>";
		};
		F72A07DC1E9951DA0041AAE8 /* TransPlace */ = {
			isa = PBXGroup;
			children = (
				528460FB1E9A0A2E00641C20 /* Models */,
				F72A07DD1E9951DA0041AAE8 /* AppDelegate.swift */,
				F72A07EF1E9952090041AAE8 /* localStoryboard.storyboard */,
				F73FD7551E9A1C2D002ECF42 /* DescriptionViewController.swift */,
				F73FD7501E9A0A64002ECF42 /* PositiveViewController.swift */,
				F73FD7521E9A0A6F002ECF42 /* NegativeViewController.swift */,
				F73FD74E1E9A05A2002ECF42 /* OverviewContainerViewController.swift */,
				F72A07DF1E9951DA0041AAE8 /* ViewController.swift */,
				F72A07E11E9951DA0041AAE8 /* Main.storyboard */,
				F72A07F51E99560B0041AAE8 /* CommentRegisterViewController.swift */,
				F72A07F31E9955E60041AAE8 /* CategoryViewController.swift */,
				F73FD7541E9A0E6D002ECF42 /* Cells */,
				F72A07F11E9954870041AAE8 /* HomeViewController.swift */,
				F72A07E41E9951DA0041AAE8 /* Assets.xcassets */,
				F72A07E61E9951DA0041AAE8 /* LaunchScreen.storyboard */,
				F72A07E91E9951DA0041AAE8 /* Info.plist */,
				52B800161E996A2500C5946E /* LocalViewController.swift */,
				52B800181E996AF400C5946E /* RatingControl.swift */,
				52B8001C1E9987CA00C5946E /* Comment.swift */,
				52B800201E999A0500C5946E /* CommentViewCell.swift */,
				528460F71E99EF8900641C20 /* FirebaseCalls.swift */,
			);
			path = TransPlace;
			sourceTree = "<group>";
		};
		F73FD7541E9A0E6D002ECF42 /* Cells */ = {
			isa = PBXGroup;
			children = (
				F7F81CFF1E99E87D0060DA38 /* CategoryTableViewCell.swift */,
			);
			name = Cells;
			sourceTree = "<group>";
		};
/* End PBXGroup section */

/* Begin PBXNativeTarget section */
		F72A07D91E9951DA0041AAE8 /* TransPlace */ = {
			isa = PBXNativeTarget;
			buildConfigurationList = F72A07EC1E9951DA0041AAE8 /* Build configuration list for PBXNativeTarget "TransPlace" */;
			buildPhases = (
				B9365292F2A675BC5E99827E /* [CP] Check Pods Manifest.lock */,
				F72A07D61E9951DA0041AAE8 /* Sources */,
				F72A07D71E9951DA0041AAE8 /* Frameworks */,
				F72A07D81E9951DA0041AAE8 /* Resources */,
				709B95DF758202A682C71D5C /* [CP] Embed Pods Frameworks */,
				8D0DB1DB19B3CD8C83B51695 /* [CP] Copy Pods Resources */,
			);
			buildRules = (
			);
			dependencies = (
			);
			name = TransPlace;
			productName = TransPlace;
			productReference = F72A07DA1E9951DA0041AAE8 /* TransPlace.app */;
			productType = "com.apple.product-type.application";
		};
/* End PBXNativeTarget section */

/* Begin PBXProject section */
		F72A07D21E9951DA0041AAE8 /* Project object */ = {
			isa = PBXProject;
			attributes = {
				LastSwiftUpdateCheck = 0830;
				LastUpgradeCheck = 0830;
				ORGANIZATIONNAME = "Junior Lima";
				TargetAttributes = {
					F72A07D91E9951DA0041AAE8 = {
						CreatedOnToolsVersion = 8.3.1;
						DevelopmentTeam = 7KVWXUCE6H;
						ProvisioningStyle = Automatic;
					};
				};
			};
			buildConfigurationList = F72A07D51E9951DA0041AAE8 /* Build configuration list for PBXProject "TransPlace" */;
			compatibilityVersion = "Xcode 3.2";
			developmentRegion = English;
			hasScannedForEncodings = 0;
			knownRegions = (
				en,
				Base,
			);
			mainGroup = F72A07D11E9951DA0041AAE8;
			productRefGroup = F72A07DB1E9951DA0041AAE8 /* Products */;
			projectDirPath = "";
			projectRoot = "";
			targets = (
				F72A07D91E9951DA0041AAE8 /* TransPlace */,
			);
		};
/* End PBXProject section */

/* Begin PBXResourcesBuildPhase section */
		F72A07D81E9951DA0041AAE8 /* Resources */ = {
			isa = PBXResourcesBuildPhase;
			buildActionMask = 2147483647;
			files = (
				F72A07E81E9951DA0041AAE8 /* LaunchScreen.storyboard in Resources */,
				F72A07F01E9952090041AAE8 /* localStoryboard.storyboard in Resources */,
				528460F61E99E7A000641C20 /* GoogleService-Info.plist in Resources */,
				F72A07E51E9951DA0041AAE8 /* Assets.xcassets in Resources */,
				F72A07E31E9951DA0041AAE8 /* Main.storyboard in Resources */,
			);
			runOnlyForDeploymentPostprocessing = 0;
		};
/* End PBXResourcesBuildPhase section */

/* Begin PBXShellScriptBuildPhase section */
		709B95DF758202A682C71D5C /* [CP] Embed Pods Frameworks */ = {
			isa = PBXShellScriptBuildPhase;
			buildActionMask = 2147483647;
			files = (
			);
			inputPaths = (
			);
			name = "[CP] Embed Pods Frameworks";
			outputPaths = (
			);
			runOnlyForDeploymentPostprocessing = 0;
			shellPath = /bin/sh;
			shellScript = "\"${SRCROOT}/Pods/Target Support Files/Pods-TransPlace/Pods-TransPlace-frameworks.sh\"\n";
			showEnvVarsInLog = 0;
		};
		8D0DB1DB19B3CD8C83B51695 /* [CP] Copy Pods Resources */ = {
			isa = PBXShellScriptBuildPhase;
			buildActionMask = 2147483647;
			files = (
			);
			inputPaths = (
			);
			name = "[CP] Copy Pods Resources";
			outputPaths = (
			);
			runOnlyForDeploymentPostprocessing = 0;
			shellPath = /bin/sh;
			shellScript = "\"${SRCROOT}/Pods/Target Support Files/Pods-TransPlace/Pods-TransPlace-resources.sh\"\n";
			showEnvVarsInLog = 0;
		};
		B9365292F2A675BC5E99827E /* [CP] Check Pods Manifest.lock */ = {
			isa = PBXShellScriptBuildPhase;
			buildActionMask = 2147483647;
			files = (
			);
			inputPaths = (
			);
			name = "[CP] Check Pods Manifest.lock";
			outputPaths = (
			);
			runOnlyForDeploymentPostprocessing = 0;
			shellPath = /bin/sh;
			shellScript = "diff \"${PODS_ROOT}/../Podfile.lock\" \"${PODS_ROOT}/Manifest.lock\" > /dev/null\nif [ $? != 0 ] ; then\n    # print error to STDERR\n    echo \"error: The sandbox is not in sync with the Podfile.lock. Run 'pod install' or update your CocoaPods installation.\" >&2\n    exit 1\nfi\n";
			showEnvVarsInLog = 0;
		};
/* End PBXShellScriptBuildPhase section */

/* Begin PBXSourcesBuildPhase section */
		F72A07D61E9951DA0041AAE8 /* Sources */ = {
			isa = PBXSourcesBuildPhase;
			buildActionMask = 2147483647;
			files = (
				F72A07F41E9955E60041AAE8 /* CategoryViewController.swift in Sources */,
				F73FD7561E9A1C2D002ECF42 /* DescriptionViewController.swift in Sources */,
				F72A07F61E99560B0041AAE8 /* CommentRegisterViewController.swift in Sources */,
				52B800211E999A0500C5946E /* CommentViewCell.swift in Sources */,
				52B800191E996AF400C5946E /* RatingControl.swift in Sources */,
				F73FD74F1E9A05A2002ECF42 /* OverviewContainerViewController.swift in Sources */,
				F73FD7531E9A0A6F002ECF42 /* NegativeViewController.swift in Sources */,
				F73FD7511E9A0A64002ECF42 /* PositiveViewController.swift in Sources */,
				528460F81E99EF8900641C20 /* FirebaseCalls.swift in Sources */,
				52B8001D1E9987CA00C5946E /* Comment.swift in Sources */,
				F7F81D001E99E87D0060DA38 /* CategoryTableViewCell.swift in Sources */,
				528460FD1E9A0A4400641C20 /* Address.swift in Sources */,
				52B800171E996A2500C5946E /* LocalViewController.swift in Sources */,
				F72A07E01E9951DA0041AAE8 /* ViewController.swift in Sources */,
				F72A07DE1E9951DA0041AAE8 /* AppDelegate.swift in Sources */,
				528460FA1E99F4C800641C20 /* Place.swift in Sources */,
				F72A07F21E9954870041AAE8 /* HomeViewController.swift in Sources */,
			);
			runOnlyForDeploymentPostprocessing = 0;
		};
/* End PBXSourcesBuildPhase section */

/* Begin PBXVariantGroup section */
		F72A07E11E9951DA0041AAE8 /* Main.storyboard */ = {
			isa = PBXVariantGroup;
			children = (
				F72A07E21E9951DA0041AAE8 /* Base */,
			);
			name = Main.storyboard;
			sourceTree = "<group>";
		};
		F72A07E61E9951DA0041AAE8 /* LaunchScreen.storyboard */ = {
			isa = PBXVariantGroup;
			children = (
				F72A07E71E9951DA0041AAE8 /* Base */,
			);
			name = LaunchScreen.storyboard;
			sourceTree = "<group>";
		};
/* End PBXVariantGroup section */

/* Begin XCBuildConfiguration section */
		F72A07EA1E9951DA0041AAE8 /* Debug */ = {
			isa = XCBuildConfiguration;
			buildSettings = {
				ALWAYS_SEARCH_USER_PATHS = NO;
				CLANG_ANALYZER_NONNULL = YES;
				CLANG_ANALYZER_NUMBER_OBJECT_CONVERSION = YES_AGGRESSIVE;
				CLANG_CXX_LANGUAGE_STANDARD = "gnu++0x";
				CLANG_CXX_LIBRARY = "libc++";
				CLANG_ENABLE_MODULES = YES;
				CLANG_ENABLE_OBJC_ARC = YES;
				CLANG_WARN_BOOL_CONVERSION = YES;
				CLANG_WARN_CONSTANT_CONVERSION = YES;
				CLANG_WARN_DIRECT_OBJC_ISA_USAGE = YES_ERROR;
				CLANG_WARN_DOCUMENTATION_COMMENTS = YES;
				CLANG_WARN_EMPTY_BODY = YES;
				CLANG_WARN_ENUM_CONVERSION = YES;
				CLANG_WARN_INFINITE_RECURSION = YES;
				CLANG_WARN_INT_CONVERSION = YES;
				CLANG_WARN_OBJC_ROOT_CLASS = YES_ERROR;
				CLANG_WARN_SUSPICIOUS_MOVE = YES;
				CLANG_WARN_UNREACHABLE_CODE = YES;
				CLANG_WARN__DUPLICATE_METHOD_MATCH = YES;
				"CODE_SIGN_IDENTITY[sdk=iphoneos*]" = "iPhone Developer";
				COPY_PHASE_STRIP = NO;
				DEBUG_INFORMATION_FORMAT = dwarf;
				ENABLE_STRICT_OBJC_MSGSEND = YES;
				ENABLE_TESTABILITY = YES;
				GCC_C_LANGUAGE_STANDARD = gnu99;
				GCC_DYNAMIC_NO_PIC = NO;
				GCC_NO_COMMON_BLOCKS = YES;
				GCC_OPTIMIZATION_LEVEL = 0;
				GCC_PREPROCESSOR_DEFINITIONS = (
					"DEBUG=1",
					"$(inherited)",
				);
				GCC_WARN_64_TO_32_BIT_CONVERSION = YES;
				GCC_WARN_ABOUT_RETURN_TYPE = YES_ERROR;
				GCC_WARN_UNDECLARED_SELECTOR = YES;
				GCC_WARN_UNINITIALIZED_AUTOS = YES_AGGRESSIVE;
				GCC_WARN_UNUSED_FUNCTION = YES;
				GCC_WARN_UNUSED_VARIABLE = YES;
				IPHONEOS_DEPLOYMENT_TARGET = 10.3;
				MTL_ENABLE_DEBUG_INFO = YES;
				ONLY_ACTIVE_ARCH = YES;
				SDKROOT = iphoneos;
				SWIFT_ACTIVE_COMPILATION_CONDITIONS = DEBUG;
				SWIFT_OPTIMIZATION_LEVEL = "-Onone";
			};
			name = Debug;
		};
		F72A07EB1E9951DA0041AAE8 /* Release */ = {
			isa = XCBuildConfiguration;
			buildSettings = {
				ALWAYS_SEARCH_USER_PATHS = NO;
				CLANG_ANALYZER_NONNULL = YES;
				CLANG_ANALYZER_NUMBER_OBJECT_CONVERSION = YES_AGGRESSIVE;
				CLANG_CXX_LANGUAGE_STANDARD = "gnu++0x";
				CLANG_CXX_LIBRARY = "libc++";
				CLANG_ENABLE_MODULES = YES;
				CLANG_ENABLE_OBJC_ARC = YES;
				CLANG_WARN_BOOL_CONVERSION = YES;
				CLANG_WARN_CONSTANT_CONVERSION = YES;
				CLANG_WARN_DIRECT_OBJC_ISA_USAGE = YES_ERROR;
				CLANG_WARN_DOCUMENTATION_COMMENTS = YES;
				CLANG_WARN_EMPTY_BODY = YES;
				CLANG_WARN_ENUM_CONVERSION = YES;
				CLANG_WARN_INFINITE_RECURSION = YES;
				CLANG_WARN_INT_CONVERSION = YES;
				CLANG_WARN_OBJC_ROOT_CLASS = YES_ERROR;
				CLANG_WARN_SUSPICIOUS_MOVE = YES;
				CLANG_WARN_UNREACHABLE_CODE = YES;
				CLANG_WARN__DUPLICATE_METHOD_MATCH = YES;
				"CODE_SIGN_IDENTITY[sdk=iphoneos*]" = "iPhone Developer";
				COPY_PHASE_STRIP = NO;
				DEBUG_INFORMATION_FORMAT = "dwarf-with-dsym";
				ENABLE_NS_ASSERTIONS = NO;
				ENABLE_STRICT_OBJC_MSGSEND = YES;
				GCC_C_LANGUAGE_STANDARD = gnu99;
				GCC_NO_COMMON_BLOCKS = YES;
				GCC_WARN_64_TO_32_BIT_CONVERSION = YES;
				GCC_WARN_ABOUT_RETURN_TYPE = YES_ERROR;
				GCC_WARN_UNDECLARED_SELECTOR = YES;
				GCC_WARN_UNINITIALIZED_AUTOS = YES_AGGRESSIVE;
				GCC_WARN_UNUSED_FUNCTION = YES;
				GCC_WARN_UNUSED_VARIABLE = YES;
				IPHONEOS_DEPLOYMENT_TARGET = 10.3;
				MTL_ENABLE_DEBUG_INFO = NO;
				SDKROOT = iphoneos;
				SWIFT_OPTIMIZATION_LEVEL = "-Owholemodule";
				VALIDATE_PRODUCT = YES;
			};
			name = Release;
		};
		F72A07ED1E9951DA0041AAE8 /* Debug */ = {
			isa = XCBuildConfiguration;
			baseConfigurationReference = AB2568410CFE2C739E6DBF3E /* Pods-TransPlace.debug.xcconfig */;
			buildSettings = {
				ASSETCATALOG_COMPILER_APPICON_NAME = AppIcon;
				DEVELOPMENT_TEAM = 7KVWXUCE6H;
				INFOPLIST_FILE = TransPlace/Info.plist;
				IPHONEOS_DEPLOYMENT_TARGET = 10.2;
				LD_RUNPATH_SEARCH_PATHS = "$(inherited) @executable_path/Frameworks";
				PRODUCT_BUNDLE_IDENTIFIER = junior.TransPlace;
				PRODUCT_NAME = "$(TARGET_NAME)";
				SWIFT_VERSION = 3.0;
			};
			name = Debug;
		};
		F72A07EE1E9951DA0041AAE8 /* Release */ = {
			isa = XCBuildConfiguration;
			baseConfigurationReference = 16C5564F543144AF5339E2BA /* Pods-TransPlace.release.xcconfig */;
			buildSettings = {
				ASSETCATALOG_COMPILER_APPICON_NAME = AppIcon;
				DEVELOPMENT_TEAM = 7KVWXUCE6H;
				INFOPLIST_FILE = TransPlace/Info.plist;
				IPHONEOS_DEPLOYMENT_TARGET = 10.2;
				LD_RUNPATH_SEARCH_PATHS = "$(inherited) @executable_path/Frameworks";
				PRODUCT_BUNDLE_IDENTIFIER = junior.TransPlace;
				PRODUCT_NAME = "$(TARGET_NAME)";
				SWIFT_VERSION = 3.0;
			};
			name = Release;
		};
/* End XCBuildConfiguration section */

/* Begin XCConfigurationList section */
		F72A07D51E9951DA0041AAE8 /* Build configuration list for PBXProject "TransPlace" */ = {
			isa = XCConfigurationList;
			buildConfigurations = (
				F72A07EA1E9951DA0041AAE8 /* Debug */,
				F72A07EB1E9951DA0041AAE8 /* Release */,
			);
			defaultConfigurationIsVisible = 0;
			defaultConfigurationName = Release;
		};
		F72A07EC1E9951DA0041AAE8 /* Build configuration list for PBXNativeTarget "TransPlace" */ = {
			isa = XCConfigurationList;
			buildConfigurations = (
				F72A07ED1E9951DA0041AAE8 /* Debug */,
				F72A07EE1E9951DA0041AAE8 /* Release */,
			);
			defaultConfigurationIsVisible = 0;
			defaultConfigurationName = Release;
		};
/* End XCConfigurationList section */
	};
	rootObject = F72A07D21E9951DA0041AAE8 /* Project object */;
}
