// !$*UTF8*$!
{
	archiveVersion = 1;
	classes = {
	};
	objectVersion = 46;
	objects = {

/* Begin PBXBuildFile section */
		52B800171E996A2500C5946E /* LocalViewController.swift in Sources */ = {isa = PBXBuildFile; fileRef = 52B800161E996A2500C5946E /* LocalViewController.swift */; };
		52B800191E996AF400C5946E /* RatingControl.swift in Sources */ = {isa = PBXBuildFile; fileRef = 52B800181E996AF400C5946E /* RatingControl.swift */; };
		52B8001B1E99872800C5946E /* CommentsTableView.swift in Sources */ = {isa = PBXBuildFile; fileRef = 52B8001A1E99872800C5946E /* CommentsTableView.swift */; };
		52B8001D1E9987CA00C5946E /* Comment.swift in Sources */ = {isa = PBXBuildFile; fileRef = 52B8001C1E9987CA00C5946E /* Comment.swift */; };
		F72A07DE1E9951DA0041AAE8 /* AppDelegate.swift in Sources */ = {isa = PBXBuildFile; fileRef = F72A07DD1E9951DA0041AAE8 /* AppDelegate.swift */; };
		F72A07E01E9951DA0041AAE8 /* ViewController.swift in Sources */ = {isa = PBXBuildFile; fileRef = F72A07DF1E9951DA0041AAE8 /* ViewController.swift */; };
		F72A07E31E9951DA0041AAE8 /* Main.storyboard in Resources */ = {isa = PBXBuildFile; fileRef = F72A07E11E9951DA0041AAE8 /* Main.storyboard */; };
		F72A07E51E9951DA0041AAE8 /* Assets.xcassets in Resources */ = {isa = PBXBuildFile; fileRef = F72A07E41E9951DA0041AAE8 /* Assets.xcassets */; };
		F72A07E81E9951DA0041AAE8 /* LaunchScreen.storyboard in Resources */ = {isa = PBXBuildFile; fileRef = F72A07E61E9951DA0041AAE8 /* LaunchScreen.storyboard */; };
		F72A07F01E9952090041AAE8 /* localStoryboard.storyboard in Resources */ = {isa = PBXBuildFile; fileRef = F72A07EF1E9952090041AAE8 /* localStoryboard.storyboard */; };
/* End PBXBuildFile section */

/* Begin PBXFileReference section */
		52B800161E996A2500C5946E /* LocalViewController.swift */ = {isa = PBXFileReference; fileEncoding = 4; lastKnownFileType = sourcecode.swift; path = LocalViewController.swift; sourceTree = "<group>"; };
		52B800181E996AF400C5946E /* RatingControl.swift */ = {isa = PBXFileReference; fileEncoding = 4; lastKnownFileType = sourcecode.swift; path = RatingControl.swift; sourceTree = "<group>"; };
		52B8001A1E99872800C5946E /* CommentsTableView.swift */ = {isa = PBXFileReference; fileEncoding = 4; lastKnownFileType = sourcecode.swift; path = CommentsTableView.swift; sourceTree = "<group>"; };
		52B8001C1E9987CA00C5946E /* Comment.swift */ = {isa = PBXFileReference; fileEncoding = 4; lastKnownFileType = sourcecode.swift; path = Comment.swift; sourceTree = "<group>"; };
		F72A07DA1E9951DA0041AAE8 /* TransPlace.app */ = {isa = PBXFileReference; explicitFileType = wrapper.application; includeInIndex = 0; path = TransPlace.app; sourceTree = BUILT_PRODUCTS_DIR; };
		F72A07DD1E9951DA0041AAE8 /* AppDelegate.swift */ = {isa = PBXFileReference; lastKnownFileType = sourcecode.swift; path = AppDelegate.swift; sourceTree = "<group>"; };
		F72A07DF1E9951DA0041AAE8 /* ViewController.swift */ = {isa = PBXFileReference; lastKnownFileType = sourcecode.swift; path = ViewController.swift; sourceTree = "<group>"; };
		F72A07E21E9951DA0041AAE8 /* Base */ = {isa = PBXFileReference; lastKnownFileType = file.storyboard; name = Base; path = Base.lproj/Main.storyboard; sourceTree = "<group>"; };
		F72A07E41E9951DA0041AAE8 /* Assets.xcassets */ = {isa = PBXFileReference; lastKnownFileType = folder.assetcatalog; path = Assets.xcassets; sourceTree = "<group>"; };
		F72A07E71E9951DA0041AAE8 /* Base */ = {isa = PBXFileReference; lastKnownFileType = file.storyboard; name = Base; path = Base.lproj/LaunchScreen.storyboard; sourceTree = "<group>"; };
		F72A07E91E9951DA0041AAE8 /* Info.plist */ = {isa = PBXFileReference; lastKnownFileType = text.plist.xml; path = Info.plist; sourceTree = "<group>"; };
		F72A07EF1E9952090041AAE8 /* localStoryboard.storyboard */ = {isa = PBXFileReference; fileEncoding = 4; lastKnownFileType = file.storyboard; name = localStoryboard.storyboard; path = ../localStoryboard.storyboard; sourceTree = "<group>"; };
/* End PBXFileReference section */

/* Begin PBXFrameworksBuildPhase section */
		F72A07D71E9951DA0041AAE8 /* Frameworks */ = {
			isa = PBXFrameworksBuildPhase;
			buildActionMask = 2147483647;
			files = (
			);
			runOnlyForDeploymentPostprocessing = 0;
		};
/* End PBXFrameworksBuildPhase section */

/* Begin PBXGroup section */
		F72A07D11E9951DA0041AAE8 = {
			isa = PBXGroup;
			children = (
				F72A07DC1E9951DA0041AAE8 /* TransPlace */,
				F72A07DB1E9951DA0041AAE8 /* Products */,
			);
			sourceTree = "<group>";
		};
		F72A07DB1E9951DA0041AAE8 /* Products */ = {
			isa = PBXGroup;
			children = (
				F72A07DA1E9951DA0041AAE8 /* TransPlace.app */,
			);
			name = Products;
			sourceTree = "<group>";
		};
		F72A07DC1E9951DA0041AAE8 /* TransPlace */ = {
			isa = PBXGroup;
			children = (
				F72A07DD1E9951DA0041AAE8 /* AppDelegate.swift */,
				F72A07EF1E9952090041AAE8 /* localStoryboard.storyboard */,
				F72A07DF1E9951DA0041AAE8 /* ViewController.swift */,
				F72A07E11E9951DA0041AAE8 /* Main.storyboard */,
				F72A07E41E9951DA0041AAE8 /* Assets.xcassets */,
				F72A07E61E9951DA0041AAE8 /* LaunchScreen.storyboard */,
				F72A07E91E9951DA0041AAE8 /* Info.plist */,
				52B800161E996A2500C5946E /* LocalViewController.swift */,
				52B800181E996AF400C5946E /* RatingControl.swift */,
				52B8001A1E99872800C5946E /* CommentsTableView.swift */,
				52B8001C1E9987CA00C5946E /* Comment.swift */,
			);
			path = TransPlace;
			sourceTree = "<group>";
		};
/* End PBXGroup section */

/* Begin PBXNativeTarget section */
		F72A07D91E9951DA0041AAE8 /* TransPlace */ = {
			isa = PBXNativeTarget;
			buildConfigurationList = F72A07EC1E9951DA0041AAE8 /* Build configuration list for PBXNativeTarget "TransPlace" */;
			buildPhases = (
				F72A07D61E9951DA0041AAE8 /* Sources */,
				F72A07D71E9951DA0041AAE8 /* Frameworks */,
				F72A07D81E9951DA0041AAE8 /* Resources */,
			);
			buildRules = (
			);
			dependencies = (
			);
			name = TransPlace;
			productName = TransPlace;
			productReference = F72A07DA1E9951DA0041AAE8 /* TransPlace.app */;
			productType = "com.apple.product-type.application";
		};
/* End PBXNativeTarget section */

/* Begin PBXProject section */
		F72A07D21E9951DA0041AAE8 /* Project object */ = {
			isa = PBXProject;
			attributes = {
				LastSwiftUpdateCheck = 0830;
				LastUpgradeCheck = 0830;
				ORGANIZATIONNAME = "Junior Lima";
				TargetAttributes = {
					F72A07D91E9951DA0041AAE8 = {
						CreatedOnToolsVersion = 8.3.1;
						DevelopmentTeam = 7KVWXUCE6H;
						ProvisioningStyle = Automatic;
					};
				};
			};
			buildConfigurationList = F72A07D51E9951DA0041AAE8 /* Build configuration list for PBXProject "TransPlace" */;
			compatibilityVersion = "Xcode 3.2";
			developmentRegion = English;
			hasScannedForEncodings = 0;
			knownRegions = (
				en,
				Base,
			);
			mainGroup = F72A07D11E9951DA0041AAE8;
			productRefGroup = F72A07DB1E9951DA0041AAE8 /* Products */;
			projectDirPath = "";
			projectRoot = "";
			targets = (
				F72A07D91E9951DA0041AAE8 /* TransPlace */,
			);
		};
/* End PBXProject section */

/* Begin PBXResourcesBuildPhase section */
		F72A07D81E9951DA0041AAE8 /* Resources */ = {
			isa = PBXResourcesBuildPhase;
			buildActionMask = 2147483647;
			files = (
				F72A07E81E9951DA0041AAE8 /* LaunchScreen.storyboard in Resources */,
				F72A07F01E9952090041AAE8 /* localStoryboard.storyboard in Resources */,
				F72A07E51E9951DA0041AAE8 /* Assets.xcassets in Resources */,
				F72A07E31E9951DA0041AAE8 /* Main.storyboard in Resources */,
			);
			runOnlyForDeploymentPostprocessing = 0;
		};
/* End PBXResourcesBuildPhase section */

/* Begin PBXSourcesBuildPhase section */
		F72A07D61E9951DA0041AAE8 /* Sources */ = {
			isa = PBXSourcesBuildPhase;
			buildActionMask = 2147483647;
			files = (
				52B800191E996AF400C5946E /* RatingControl.swift in Sources */,
				52B8001D1E9987CA00C5946E /* Comment.swift in Sources */,
				52B800171E996A2500C5946E /* LocalViewController.swift in Sources */,
				F72A07E01E9951DA0041AAE8 /* ViewController.swift in Sources */,
				52B8001B1E99872800C5946E /* CommentsTableView.swift in Sources */,
				F72A07DE1E9951DA0041AAE8 /* AppDelegate.swift in Sources */,
			);
			runOnlyForDeploymentPostprocessing = 0;
		};
/* End PBXSourcesBuildPhase section */

/* Begin PBXVariantGroup section */
		F72A07E11E9951DA0041AAE8 /* Main.storyboard */ = {
			isa = PBXVariantGroup;
			children = (
				F72A07E21E9951DA0041AAE8 /* Base */,
			);
			name = Main.storyboard;
			sourceTree = "<group>";
		};
		F72A07E61E9951DA0041AAE8 /* LaunchScreen.storyboard */ = {
			isa = PBXVariantGroup;
			children = (
				F72A07E71E9951DA0041AAE8 /* Base */,
			);
			name = LaunchScreen.storyboard;
			sourceTree = "<group>";
		};
/* End PBXVariantGroup section */

/* Begin XCBuildConfiguration section */
		F72A07EA1E9951DA0041AAE8 /* Debug */ = {
			isa = XCBuildConfiguration;
			buildSettings = {
				ALWAYS_SEARCH_USER_PATHS = NO;
				CLANG_ANALYZER_NONNULL = YES;
				CLANG_ANALYZER_NUMBER_OBJECT_CONVERSION = YES_AGGRESSIVE;
				CLANG_CXX_LANGUAGE_STANDARD = "gnu++0x";
				CLANG_CXX_LIBRARY = "libc++";
				CLANG_ENABLE_MODULES = YES;
				CLANG_ENABLE_OBJC_ARC = YES;
				CLANG_WARN_BOOL_CONVERSION = YES;
				CLANG_WARN_CONSTANT_CONVERSION = YES;
				CLANG_WARN_DIRECT_OBJC_ISA_USAGE = YES_ERROR;
				CLANG_WARN_DOCUMENTATION_COMMENTS = YES;
				CLANG_WARN_EMPTY_BODY = YES;
				CLANG_WARN_ENUM_CONVERSION = YES;
				CLANG_WARN_INFINITE_RECURSION = YES;
				CLANG_WARN_INT_CONVERSION = YES;
				CLANG_WARN_OBJC_ROOT_CLASS = YES_ERROR;
				CLANG_WARN_SUSPICIOUS_MOVE = YES;
				CLANG_WARN_UNREACHABLE_CODE = YES;
				CLANG_WARN__DUPLICATE_METHOD_MATCH = YES;
				"CODE_SIGN_IDENTITY[sdk=iphoneos*]" = "iPhone Developer";
				COPY_PHASE_STRIP = NO;
				DEBUG_INFORMATION_FORMAT = dwarf;
				ENABLE_STRICT_OBJC_MSGSEND = YES;
				ENABLE_TESTABILITY = YES;
				GCC_C_LANGUAGE_STANDARD = gnu99;
				GCC_DYNAMIC_NO_PIC = NO;
				GCC_NO_COMMON_BLOCKS = YES;
				GCC_OPTIMIZATION_LEVEL = 0;
				GCC_PREPROCESSOR_DEFINITIONS = (
					"DEBUG=1",
					"$(inherited)",
				);
				GCC_WARN_64_TO_32_BIT_CONVERSION = YES;
				GCC_WARN_ABOUT_RETURN_TYPE = YES_ERROR;
				GCC_WARN_UNDECLARED_SELECTOR = YES;
				GCC_WARN_UNINITIALIZED_AUTOS = YES_AGGRESSIVE;
				GCC_WARN_UNUSED_FUNCTION = YES;
				GCC_WARN_UNUSED_VARIABLE = YES;
				IPHONEOS_DEPLOYMENT_TARGET = 10.3;
				MTL_ENABLE_DEBUG_INFO = YES;
				ONLY_ACTIVE_ARCH = YES;
				SDKROOT = iphoneos;
				SWIFT_ACTIVE_COMPILATION_CONDITIONS = DEBUG;
				SWIFT_OPTIMIZATION_LEVEL = "-Onone";
			};
			name = Debug;
		};
		F72A07EB1E9951DA0041AAE8 /* Release */ = {
			isa = XCBuildConfiguration;
			buildSettings = {
				ALWAYS_SEARCH_USER_PATHS = NO;
				CLANG_ANALYZER_NONNULL = YES;
				CLANG_ANALYZER_NUMBER_OBJECT_CONVERSION = YES_AGGRESSIVE;
				CLANG_CXX_LANGUAGE_STANDARD = "gnu++0x";
				CLANG_CXX_LIBRARY = "libc++";
				CLANG_ENABLE_MODULES = YES;
				CLANG_ENABLE_OBJC_ARC = YES;
				CLANG_WARN_BOOL_CONVERSION = YES;
				CLANG_WARN_CONSTANT_CONVERSION = YES;
				CLANG_WARN_DIRECT_OBJC_ISA_USAGE = YES_ERROR;
				CLANG_WARN_DOCUMENTATION_COMMENTS = YES;
				CLANG_WARN_EMPTY_BODY = YES;
				CLANG_WARN_ENUM_CONVERSION = YES;
				CLANG_WARN_INFINITE_RECURSION = YES;
				CLANG_WARN_INT_CONVERSION = YES;
				CLANG_WARN_OBJC_ROOT_CLASS = YES_ERROR;
				CLANG_WARN_SUSPICIOUS_MOVE = YES;
				CLANG_WARN_UNREACHABLE_CODE = YES;
				CLANG_WARN__DUPLICATE_METHOD_MATCH = YES;
				"CODE_SIGN_IDENTITY[sdk=iphoneos*]" = "iPhone Developer";
				COPY_PHASE_STRIP = NO;
				DEBUG_INFORMATION_FORMAT = "dwarf-with-dsym";
				ENABLE_NS_ASSERTIONS = NO;
				ENABLE_STRICT_OBJC_MSGSEND = YES;
				GCC_C_LANGUAGE_STANDARD = gnu99;
				GCC_NO_COMMON_BLOCKS = YES;
				GCC_WARN_64_TO_32_BIT_CONVERSION = YES;
				GCC_WARN_ABOUT_RETURN_TYPE = YES_ERROR;
				GCC_WARN_UNDECLARED_SELECTOR = YES;
				GCC_WARN_UNINITIALIZED_AUTOS = YES_AGGRESSIVE;
				GCC_WARN_UNUSED_FUNCTION = YES;
				GCC_WARN_UNUSED_VARIABLE = YES;
				IPHONEOS_DEPLOYMENT_TARGET = 10.3;
				MTL_ENABLE_DEBUG_INFO = NO;
				SDKROOT = iphoneos;
				SWIFT_OPTIMIZATION_LEVEL = "-Owholemodule";
				VALIDATE_PRODUCT = YES;
			};
			name = Release;
		};
		F72A07ED1E9951DA0041AAE8 /* Debug */ = {
			isa = XCBuildConfiguration;
			buildSettings = {
				ASSETCATALOG_COMPILER_APPICON_NAME = AppIcon;
				DEVELOPMENT_TEAM = 7KVWXUCE6H;
				INFOPLIST_FILE = TransPlace/Info.plist;
				LD_RUNPATH_SEARCH_PATHS = "$(inherited) @executable_path/Frameworks";
				PRODUCT_BUNDLE_IDENTIFIER = junior.TransPlace;
				PRODUCT_NAME = "$(TARGET_NAME)";
				SWIFT_VERSION = 3.0;
			};
			name = Debug;
		};
		F72A07EE1E9951DA0041AAE8 /* Release */ = {
			isa = XCBuildConfiguration;
			buildSettings = {
				ASSETCATALOG_COMPILER_APPICON_NAME = AppIcon;
				DEVELOPMENT_TEAM = 7KVWXUCE6H;
				INFOPLIST_FILE = TransPlace/Info.plist;
				LD_RUNPATH_SEARCH_PATHS = "$(inherited) @executable_path/Frameworks";
				PRODUCT_BUNDLE_IDENTIFIER = junior.TransPlace;
				PRODUCT_NAME = "$(TARGET_NAME)";
				SWIFT_VERSION = 3.0;
			};
			name = Release;
		};
/* End XCBuildConfiguration section */

/* Begin XCConfigurationList section */
		F72A07D51E9951DA0041AAE8 /* Build configuration list for PBXProject "TransPlace" */ = {
			isa = XCConfigurationList;
			buildConfigurations = (
				F72A07EA1E9951DA0041AAE8 /* Debug */,
				F72A07EB1E9951DA0041AAE8 /* Release */,
			);
			defaultConfigurationIsVisible = 0;
			defaultConfigurationName = Release;
		};
		F72A07EC1E9951DA0041AAE8 /* Build configuration list for PBXNativeTarget "TransPlace" */ = {
			isa = XCConfigurationList;
			buildConfigurations = (
				F72A07ED1E9951DA0041AAE8 /* Debug */,
				F72A07EE1E9951DA0041AAE8 /* Release */,
			);
			defaultConfigurationIsVisible = 0;
			defaultConfigurationName = Release;
		};
/* End XCConfigurationList section */
	};
	rootObject = F72A07D21E9951DA0041AAE8 /* Project object */;
}
